Microsoft Visual Studio Solution File, Format Version 12.00
# Visual Studio Version 17
VisualStudioVersion = 17.5.2.0
MinimumVisualStudioVersion = 10.0.40219.1
Project("{FAE04EC0-301F-11D3-BF4B-00C04F79EFBC}") = "StatePattern", "StatePattern.csproj", "{4B68BE20-D7C6-C5DA-CF41-2DD07B407B3A}"
EndProject
Global
	GlobalSection(SolutionConfigurationPlatforms) = preSolution
		Debug|Any CPU = Debug|Any CPU
		Release|Any CPU = Release|Any CPU
	EndGlobalSection
	GlobalSection(ProjectConfigurationPlatforms) = postSolution
		{4B68BE20-D7C6-C5DA-CF41-2DD07B407B3A}.Debug|Any CPU.ActiveCfg = Debug|Any CPU
		{4B68BE20-D7C6-C5DA-CF41-2DD07B407B3A}.Debug|Any CPU.Build.0 = Debug|Any CPU
		{4B68BE20-D7C6-C5DA-CF41-2DD07B407B3A}.Release|Any CPU.ActiveCfg = Release|Any CPU
		{4B68BE20-D7C6-C5DA-CF41-2DD07B407B3A}.Release|Any CPU.Build.0 = Release|Any CPU
	EndGlobalSection
	GlobalSection(SolutionProperties) = preSolution
		HideSolutionNode = FALSE
	EndGlobalSection
	GlobalSection(ExtensibilityGlobals) = postSolution
		SolutionGuid = {B4C29DF2-1CA2-4A11-9A24-0EE3C1FF1DFD}
	EndGlobalSection
EndGlobal
